<?xml version="1.0" encoding="utf-8"?>
<Project ToolsVersion="4.0" xmlns="http://schemas.microsoft.com/developer/msbuild/2003">
  <ItemGroup>
    <Filter Include="Default">
      <UniqueIdentifier>{80ab158a-039b-427d-9c14-6264fa7474ef}</UniqueIdentifier>
    </Filter>
    <Filter Include="Main">
      <UniqueIdentifier>{8a282dd9-fd04-49be-b823-345687996970}</UniqueIdentifier>
    </Filter>
    <Filter Include="Main\Header">
      <UniqueIdentifier>{6bf91bac-bfaa-442c-9874-ec26f54aad20}</UniqueIdentifier>
    </Filter>
    <Filter Include="Main\Device">
      <UniqueIdentifier>{925d66c2-a808-401d-b7da-bf2c0bddeaee}</UniqueIdentifier>
    </Filter>
    <Filter Include="Main\Manager">
      <UniqueIdentifier>{10c9886a-9a59-4d8c-a287-38e6e704b752}</UniqueIdentifier>
    </Filter>
  </ItemGroup>
  <ItemGroup>
    <ClInclude Include="Client.h">
      <Filter>Default</Filter>
    </ClInclude>
    <ClInclude Include="Resource.h">
      <Filter>Default</Filter>
    </ClInclude>
    <ClInclude Include="stdafx.h">
      <Filter>Default</Filter>
    </ClInclude>
    <ClInclude Include="targetver.h">
      <Filter>Default</Filter>
    </ClInclude>
    <ClInclude Include="Define.h">
      <Filter>Main\Header</Filter>
    </ClInclude>
    <ClInclude Include="Codes\GraphicDevice.h">
      <Filter>Main\Device</Filter>
    </ClInclude>
    <ClInclude Include="Codes\MainApp.h">
      <Filter>Main</Filter>
    </ClInclude>
    <ClInclude Include="Codes\InputDevice.h">
      <Filter>Main\Device</Filter>
    </ClInclude>
    <ClInclude Include="Codes\TimeManager.h">
      <Filter>Main\Manager</Filter>
    </ClInclude>
  </ItemGroup>
  <ItemGroup>
    <ClCompile Include="stdafx.cpp">
      <Filter>Default</Filter>
    </ClCompile>
    <ClCompile Include="Client.cpp">
      <Filter>Default</Filter>
    </ClCompile>
    <ClCompile Include="Codes\GraphicDevice.cpp">
      <Filter>Main\Device</Filter>
    </ClCompile>
    <ClCompile Include="Codes\MainApp.cpp">
      <Filter>Main</Filter>
    </ClCompile>
    <ClCompile Include="Codes\InputDevice.cpp">
      <Filter>Main\Device</Filter>
    </ClCompile>
    <ClCompile Include="Codes\TimeManager.cpp">
      <Filter>Main\Manager</Filter>
    </ClCompile>
  </ItemGroup>
  <ItemGroup>
    <Image Include="Client.ico">
      <Filter>Default</Filter>
    </Image>
    <Image Include="small.ico">
      <Filter>Default</Filter>
    </Image>
  </ItemGroup>
  <ItemGroup>
    <ResourceCompile Include="Client.rc">
      <Filter>Default</Filter>
    </ResourceCompile>
  </ItemGroup>
</Project>