
Microsoft Visual Studio Solution File, Format Version 12.00
# Visual Studio 15
VisualStudioVersion = 15.0.27428.2002
MinimumVisualStudioVersion = 10.0.40219.1
Project("{8BC9CEB8-8B4A-11D0-8D11-00A0C91BC942}") = "GameSvr", "GameSvr\GameSvr.vcxproj", "{6950EBB7-E6F6-4939-9299-5CC63E0B0334}"
EndProject
Global
	GlobalSection(SolutionConfigurationPlatforms) = preSolution
		Debug|x64 = Debug|x64
		Debug|x86 = Debug|x86
		Release|x64 = Release|x64
		Release|x86 = Release|x86
	EndGlobalSection
	GlobalSection(ProjectConfigurationPlatforms) = postSolution
		{6950EBB7-E6F6-4939-9299-5CC63E0B0334}.Debug|x64.ActiveCfg = Debug|x64
		{6950EBB7-E6F6-4939-9299-5CC63E0B0334}.Debug|x64.Build.0 = Debug|x64
		{6950EBB7-E6F6-4939-9299-5CC63E0B0334}.Debug|x86.ActiveCfg = Debug|Win32
		{6950EBB7-E6F6-4939-9299-5CC63E0B0334}.Debug|x86.Build.0 = Debug|Win32
		{6950EBB7-E6F6-4939-9299-5CC63E0B0334}.Release|x64.ActiveCfg = Release|x64
		{6950EBB7-E6F6-4939-9299-5CC63E0B0334}.Release|x64.Build.0 = Release|x64
		{6950EBB7-E6F6-4939-9299-5CC63E0B0334}.Release|x86.ActiveCfg = Release|Win32
		{6950EBB7-E6F6-4939-9299-5CC63E0B0334}.Release|x86.Build.0 = Release|Win32
	EndGlobalSection
	GlobalSection(SolutionProperties) = preSolution
		HideSolutionNode = FALSE
	EndGlobalSection
	GlobalSection(ExtensibilityGlobals) = postSolution
		SolutionGuid = {87473F40-0A2F-44C7-A414-23880E7CD8A4}
	EndGlobalSection
EndGlobal
